
Microsoft Visual Studio Solution File, Format Version 12.00
# Visual Studio Version 17
VisualStudioVersion = 17.4.33213.308
MinimumVisualStudioVersion = 10.0.40219.1
Project("{FAE04EC0-301F-11D3-BF4B-00C04F79EFBC}") = "BiebCWebsite", "BiebCWebsite\BiebCWebsite.csproj", "{CCDD06C4-0F0E-4BD9-9F09-09E08C0F6420}"
EndProject
Global
	GlobalSection(SolutionConfigurationPlatforms) = preSolution
		Debug|Any CPU = Debug|Any CPU
		Release|Any CPU = Release|Any CPU
	EndGlobalSection
	GlobalSection(ProjectConfigurationPlatforms) = postSolution
		{CCDD06C4-0F0E-4BD9-9F09-09E08C0F6420}.Debug|Any CPU.ActiveCfg = Debug|Any CPU
		{CCDD06C4-0F0E-4BD9-9F09-09E08C0F6420}.Debug|Any CPU.Build.0 = Debug|Any CPU
		{CCDD06C4-0F0E-4BD9-9F09-09E08C0F6420}.Release|Any CPU.ActiveCfg = Release|Any CPU
		{CCDD06C4-0F0E-4BD9-9F09-09E08C0F6420}.Release|Any CPU.Build.0 = Release|Any CPU
	EndGlobalSection
	GlobalSection(SolutionProperties) = preSolution
		HideSolutionNode = FALSE
	EndGlobalSection
	GlobalSection(ExtensibilityGlobals) = postSolution
		SolutionGuid = {2B2A9A98-48F6-490D-A2CE-1F54081A6219}
	EndGlobalSection
EndGlobal
